// !$*UTF8*$!
{
	archiveVersion = 1;
	classes = {
	};
	objectVersion = 52;
	objects = {

/* Begin PBXBuildFile section */
		B4B55EF223C1BC7A000702EB /* AppDelegate.swift in Sources */ = {isa = PBXBuildFile; fileRef = B4B55EF123C1BC7A000702EB /* AppDelegate.swift */; };
		B4B55EF423C1BC7A000702EB /* SceneDelegate.swift in Sources */ = {isa = PBXBuildFile; fileRef = B4B55EF323C1BC7A000702EB /* SceneDelegate.swift */; };
		B4B55EF623C1BC7A000702EB /* ContentView.swift in Sources */ = {isa = PBXBuildFile; fileRef = B4B55EF523C1BC7A000702EB /* ContentView.swift */; };
		B4B55EF823C1BC7A000702EB /* Assets.xcassets in Resources */ = {isa = PBXBuildFile; fileRef = B4B55EF723C1BC7A000702EB /* Assets.xcassets */; };
		B4B55EFB23C1BC7B000702EB /* Preview Assets.xcassets in Resources */ = {isa = PBXBuildFile; fileRef = B4B55EFA23C1BC7B000702EB /* Preview Assets.xcassets */; };
		B4B55EFE23C1BC7B000702EB /* LaunchScreen.storyboard in Resources */ = {isa = PBXBuildFile; fileRef = B4B55EFC23C1BC7B000702EB /* LaunchScreen.storyboard */; };
		B4C7197323C98E3800F4C575 /* ProspectsView.swift in Sources */ = {isa = PBXBuildFile; fileRef = B4C7197223C98E3800F4C575 /* ProspectsView.swift */; };
		B4C7197623C98E5100F4C575 /* MeView.swift in Sources */ = {isa = PBXBuildFile; fileRef = B4C7197523C98E5100F4C575 /* MeView.swift */; };
		B4C7197923CA42FF00F4C575 /* Prospect.swift in Sources */ = {isa = PBXBuildFile; fileRef = B4C7197823CA42FF00F4C575 /* Prospect.swift */; };
		B4C7197C23CA6BAE00F4C575 /* CodeScanner in Frameworks */ = {isa = PBXBuildFile; productRef = B4C7197B23CA6BAE00F4C575 /* CodeScanner */; };
/* End PBXBuildFile section */

/* Begin PBXFileReference section */
		B4B55EEE23C1BC7A000702EB /* HotProspects.app */ = {isa = PBXFileReference; explicitFileType = wrapper.application; includeInIndex = 0; path = HotProspects.app; sourceTree = BUILT_PRODUCTS_DIR; };
		B4B55EF123C1BC7A000702EB /* AppDelegate.swift */ = {isa = PBXFileReference; lastKnownFileType = sourcecode.swift; path = AppDelegate.swift; sourceTree = "<group>"; };
		B4B55EF323C1BC7A000702EB /* SceneDelegate.swift */ = {isa = PBXFileReference; lastKnownFileType = sourcecode.swift; path = SceneDelegate.swift; sourceTree = "<group>"; };
		B4B55EF523C1BC7A000702EB /* ContentView.swift */ = {isa = PBXFileReference; lastKnownFileType = sourcecode.swift; path = ContentView.swift; sourceTree = "<group>"; };
		B4B55EF723C1BC7A000702EB /* Assets.xcassets */ = {isa = PBXFileReference; lastKnownFileType = folder.assetcatalog; path = Assets.xcassets; sourceTree = "<group>"; };
		B4B55EFA23C1BC7B000702EB /* Preview Assets.xcassets */ = {isa = PBXFileReference; lastKnownFileType = folder.assetcatalog; path = "Preview Assets.xcassets"; sourceTree = "<group>"; };
		B4B55EFD23C1BC7B000702EB /* Base */ = {isa = PBXFileReference; lastKnownFileType = file.storyboard; name = Base; path = Base.lproj/LaunchScreen.storyboard; sourceTree = "<group>"; };
		B4B55EFF23C1BC7B000702EB /* Info.plist */ = {isa = PBXFileReference; lastKnownFileType = text.plist.xml; path = Info.plist; sourceTree = "<group>"; };
		B4C7197223C98E3800F4C575 /* ProspectsView.swift */ = {isa = PBXFileReference; lastKnownFileType = sourcecode.swift; path = ProspectsView.swift; sourceTree = "<group>"; };
		B4C7197523C98E5100F4C575 /* MeView.swift */ = {isa = PBXFileReference; lastKnownFileType = sourcecode.swift; path = MeView.swift; sourceTree = "<group>"; };
		B4C7197823CA42FF00F4C575 /* Prospect.swift */ = {isa = PBXFileReference; lastKnownFileType = sourcecode.swift; path = Prospect.swift; sourceTree = "<group>"; };
/* End PBXFileReference section */

/* Begin PBXFrameworksBuildPhase section */
		B4B55EEB23C1BC7A000702EB /* Frameworks */ = {
			isa = PBXFrameworksBuildPhase;
			buildActionMask = 2147483647;
			files = (
				B4C7197C23CA6BAE00F4C575 /* CodeScanner in Frameworks */,
			);
			runOnlyForDeploymentPostprocessing = 0;
		};
/* End PBXFrameworksBuildPhase section */

/* Begin PBXGroup section */
		B4B55EE523C1BC7A000702EB = {
			isa = PBXGroup;
			children = (
				B4B55EF023C1BC7A000702EB /* HotProspects */,
				B4B55EEF23C1BC7A000702EB /* Products */,
			);
			sourceTree = "<group>";
		};
		B4B55EEF23C1BC7A000702EB /* Products */ = {
			isa = PBXGroup;
			children = (
				B4B55EEE23C1BC7A000702EB /* HotProspects.app */,
			);
			name = Products;
			sourceTree = "<group>";
		};
		B4B55EF023C1BC7A000702EB /* HotProspects */ = {
			isa = PBXGroup;
			children = (
				B4C7197723CA42F400F4C575 /* Model */,
				B4C7197423C98E4100F4C575 /* Views */,
				B4B55EF123C1BC7A000702EB /* AppDelegate.swift */,
				B4B55EF323C1BC7A000702EB /* SceneDelegate.swift */,
				B4B55EF523C1BC7A000702EB /* ContentView.swift */,
				B4B55EF723C1BC7A000702EB /* Assets.xcassets */,
				B4B55EFC23C1BC7B000702EB /* LaunchScreen.storyboard */,
				B4B55EFF23C1BC7B000702EB /* Info.plist */,
				B4B55EF923C1BC7B000702EB /* Preview Content */,
			);
			path = HotProspects;
			sourceTree = "<group>";
		};
		B4B55EF923C1BC7B000702EB /* Preview Content */ = {
			isa = PBXGroup;
			children = (
				B4B55EFA23C1BC7B000702EB /* Preview Assets.xcassets */,
			);
			path = "Preview Content";
			sourceTree = "<group>";
		};
		B4C7197423C98E4100F4C575 /* Views */ = {
			isa = PBXGroup;
			children = (
				B4C7197223C98E3800F4C575 /* ProspectsView.swift */,
				B4C7197523C98E5100F4C575 /* MeView.swift */,
			);
			path = Views;
			sourceTree = "<group>";
		};
		B4C7197723CA42F400F4C575 /* Model */ = {
			isa = PBXGroup;
			children = (
				B4C7197823CA42FF00F4C575 /* Prospect.swift */,
			);
			path = Model;
			sourceTree = "<group>";
		};
/* End PBXGroup section */

/* Begin PBXNativeTarget section */
		B4B55EED23C1BC7A000702EB /* HotProspects */ = {
			isa = PBXNativeTarget;
			buildConfigurationList = B4B55F0223C1BC7B000702EB /* Build configuration list for PBXNativeTarget "HotProspects" */;
			buildPhases = (
				B4B55EEA23C1BC7A000702EB /* Sources */,
				B4B55EEB23C1BC7A000702EB /* Frameworks */,
				B4B55EEC23C1BC7A000702EB /* Resources */,
			);
			buildRules = (
			);
			dependencies = (
			);
			name = HotProspects;
			packageProductDependencies = (
				B4C7197B23CA6BAE00F4C575 /* CodeScanner */,
			);
			productName = HotProspects;
			productReference = B4B55EEE23C1BC7A000702EB /* HotProspects.app */;
			productType = "com.apple.product-type.application";
		};
/* End PBXNativeTarget section */

/* Begin PBXProject section */
		B4B55EE623C1BC7A000702EB /* Project object */ = {
			isa = PBXProject;
			attributes = {
				LastSwiftUpdateCheck = 1130;
				LastUpgradeCheck = 1130;
				ORGANIZATIONNAME = "Sam McCullough";
				TargetAttributes = {
					B4B55EED23C1BC7A000702EB = {
						CreatedOnToolsVersion = 11.3;
					};
				};
			};
			buildConfigurationList = B4B55EE923C1BC7A000702EB /* Build configuration list for PBXProject "HotProspects" */;
			compatibilityVersion = "Xcode 9.3";
			developmentRegion = en;
			hasScannedForEncodings = 0;
			knownRegions = (
				en,
				Base,
			);
			mainGroup = B4B55EE523C1BC7A000702EB;
			packageReferences = (
				B4C7197A23CA6BAE00F4C575 /* XCRemoteSwiftPackageReference "CodeScanner" */,
			);
			productRefGroup = B4B55EEF23C1BC7A000702EB /* Products */;
			projectDirPath = "";
			projectRoot = "";
			targets = (
				B4B55EED23C1BC7A000702EB /* HotProspects */,
			);
		};
/* End PBXProject section */

/* Begin PBXResourcesBuildPhase section */
		B4B55EEC23C1BC7A000702EB /* Resources */ = {
			isa = PBXResourcesBuildPhase;
			buildActionMask = 2147483647;
			files = (
				B4B55EFE23C1BC7B000702EB /* LaunchScreen.storyboard in Resources */,
				B4B55EFB23C1BC7B000702EB /* Preview Assets.xcassets in Resources */,
				B4B55EF823C1BC7A000702EB /* Assets.xcassets in Resources */,
			);
			runOnlyForDeploymentPostprocessing = 0;
		};
/* End PBXResourcesBuildPhase section */

/* Begin PBXSourcesBuildPhase section */
		B4B55EEA23C1BC7A000702EB /* Sources */ = {
			isa = PBXSourcesBuildPhase;
			buildActionMask = 2147483647;
			files = (
				B4C7197323C98E3800F4C575 /* ProspectsView.swift in Sources */,
				B4C7197923CA42FF00F4C575 /* Prospect.swift in Sources */,
				B4B55EF223C1BC7A000702EB /* AppDelegate.swift in Sources */,
				B4B55EF423C1BC7A000702EB /* SceneDelegate.swift in Sources */,
				B4B55EF623C1BC7A000702EB /* ContentView.swift in Sources */,
				B4C7197623C98E5100F4C575 /* MeView.swift in Sources */,
			);
			runOnlyForDeploymentPostprocessing = 0;
		};
/* End PBXSourcesBuildPhase section */

/* Begin PBXVariantGroup section */
		B4B55EFC23C1BC7B000702EB /* LaunchScreen.storyboard */ = {
			isa = PBXVariantGroup;
			children = (
				B4B55EFD23C1BC7B000702EB /* Base */,
			);
			name = LaunchScreen.storyboard;
			sourceTree = "<group>";
		};
/* End PBXVariantGroup section */

/* Begin XCBuildConfiguration section */
		B4B55F0023C1BC7B000702EB /* Debug */ = {
			isa = XCBuildConfiguration;
			buildSettings = {
				ALWAYS_SEARCH_USER_PATHS = NO;
				CLANG_ANALYZER_NONNULL = YES;
				CLANG_ANALYZER_NUMBER_OBJECT_CONVERSION = YES_AGGRESSIVE;
				CLANG_CXX_LANGUAGE_STANDARD = "gnu++14";
				CLANG_CXX_LIBRARY = "libc++";
				CLANG_ENABLE_MODULES = YES;
				CLANG_ENABLE_OBJC_ARC = YES;
				CLANG_ENABLE_OBJC_WEAK = YES;
				CLANG_WARN_BLOCK_CAPTURE_AUTORELEASING = YES;
				CLANG_WARN_BOOL_CONVERSION = YES;
				CLANG_WARN_COMMA = YES;
				CLANG_WARN_CONSTANT_CONVERSION = YES;
				CLANG_WARN_DEPRECATED_OBJC_IMPLEMENTATIONS = YES;
				CLANG_WARN_DIRECT_OBJC_ISA_USAGE = YES_ERROR;
				CLANG_WARN_DOCUMENTATION_COMMENTS = YES;
				CLANG_WARN_EMPTY_BODY = YES;
				CLANG_WARN_ENUM_CONVERSION = YES;
				CLANG_WARN_INFINITE_RECURSION = YES;
				CLANG_WARN_INT_CONVERSION = YES;
				CLANG_WARN_NON_LITERAL_NULL_CONVERSION = YES;
				CLANG_WARN_OBJC_IMPLICIT_RETAIN_SELF = YES;
				CLANG_WARN_OBJC_LITERAL_CONVERSION = YES;
				CLANG_WARN_OBJC_ROOT_CLASS = YES_ERROR;
				CLANG_WARN_RANGE_LOOP_ANALYSIS = YES;
				CLANG_WARN_STRICT_PROTOTYPES = YES;
				CLANG_WARN_SUSPICIOUS_MOVE = YES;
				CLANG_WARN_UNGUARDED_AVAILABILITY = YES_AGGRESSIVE;
				CLANG_WARN_UNREACHABLE_CODE = YES;
				CLANG_WARN__DUPLICATE_METHOD_MATCH = YES;
				COPY_PHASE_STRIP = NO;
				DEBUG_INFORMATION_FORMAT = dwarf;
				ENABLE_STRICT_OBJC_MSGSEND = YES;
				ENABLE_TESTABILITY = YES;
				GCC_C_LANGUAGE_STANDARD = gnu11;
				GCC_DYNAMIC_NO_PIC = NO;
				GCC_NO_COMMON_BLOCKS = YES;
				GCC_OPTIMIZATION_LEVEL = 0;
				GCC_PREPROCESSOR_DEFINITIONS = (
					"DEBUG=1",
					"$(inherited)",
				);
				GCC_WARN_64_TO_32_BIT_CONVERSION = YES;
				GCC_WARN_ABOUT_RETURN_TYPE = YES_ERROR;
				GCC_WARN_UNDECLARED_SELECTOR = YES;
				GCC_WARN_UNINITIALIZED_AUTOS = YES_AGGRESSIVE;
				GCC_WARN_UNUSED_FUNCTION = YES;
				GCC_WARN_UNUSED_VARIABLE = YES;
				IPHONEOS_DEPLOYMENT_TARGET = 13.2;
				MTL_ENABLE_DEBUG_INFO = INCLUDE_SOURCE;
				MTL_FAST_MATH = YES;
				ONLY_ACTIVE_ARCH = YES;
				SDKROOT = iphoneos;
				SWIFT_ACTIVE_COMPILATION_CONDITIONS = DEBUG;
				SWIFT_OPTIMIZATION_LEVEL = "-Onone";
			};
			name = Debug;
		};
		B4B55F0123C1BC7B000702EB /* Release */ = {
			isa = XCBuildConfiguration;
			buildSettings = {
				ALWAYS_SEARCH_USER_PATHS = NO;
				CLANG_ANALYZER_NONNULL = YES;
				CLANG_ANALYZER_NUMBER_OBJECT_CONVERSION = YES_AGGRESSIVE;
				CLANG_CXX_LANGUAGE_STANDARD = "gnu++14";
				CLANG_CXX_LIBRARY = "libc++";
				CLANG_ENABLE_MODULES = YES;
				CLANG_ENABLE_OBJC_ARC = YES;
				CLANG_ENABLE_OBJC_WEAK = YES;
				CLANG_WARN_BLOCK_CAPTURE_AUTORELEASING = YES;
				CLANG_WARN_BOOL_CONVERSION = YES;
				CLANG_WARN_COMMA = YES;
				CLANG_WARN_CONSTANT_CONVERSION = YES;
				CLANG_WARN_DEPRECATED_OBJC_IMPLEMENTATIONS = YES;
				CLANG_WARN_DIRECT_OBJC_ISA_USAGE = YES_ERROR;
				CLANG_WARN_DOCUMENTATION_COMMENTS = YES;
				CLANG_WARN_EMPTY_BODY = YES;
				CLANG_WARN_ENUM_CONVERSION = YES;
				CLANG_WARN_INFINITE_RECURSION = YES;
				CLANG_WARN_INT_CONVERSION = YES;
				CLANG_WARN_NON_LITERAL_NULL_CONVERSION = YES;
				CLANG_WARN_OBJC_IMPLICIT_RETAIN_SELF = YES;
				CLANG_WARN_OBJC_LITERAL_CONVERSION = YES;
				CLANG_WARN_OBJC_ROOT_CLASS = YES_ERROR;
				CLANG_WARN_RANGE_LOOP_ANALYSIS = YES;
				CLANG_WARN_STRICT_PROTOTYPES = YES;
				CLANG_WARN_SUSPICIOUS_MOVE = YES;
				CLANG_WARN_UNGUARDED_AVAILABILITY = YES_AGGRESSIVE;
				CLANG_WARN_UNREACHABLE_CODE = YES;
				CLANG_WARN__DUPLICATE_METHOD_MATCH = YES;
				COPY_PHASE_STRIP = NO;
				DEBUG_INFORMATION_FORMAT = "dwarf-with-dsym";
				ENABLE_NS_ASSERTIONS = NO;
				ENABLE_STRICT_OBJC_MSGSEND = YES;
				GCC_C_LANGUAGE_STANDARD = gnu11;
				GCC_NO_COMMON_BLOCKS = YES;
				GCC_WARN_64_TO_32_BIT_CONVERSION = YES;
				GCC_WARN_ABOUT_RETURN_TYPE = YES_ERROR;
				GCC_WARN_UNDECLARED_SELECTOR = YES;
				GCC_WARN_UNINITIALIZED_AUTOS = YES_AGGRESSIVE;
				GCC_WARN_UNUSED_FUNCTION = YES;
				GCC_WARN_UNUSED_VARIABLE = YES;
				IPHONEOS_DEPLOYMENT_TARGET = 13.2;
				MTL_ENABLE_DEBUG_INFO = NO;
				MTL_FAST_MATH = YES;
				SDKROOT = iphoneos;
				SWIFT_COMPILATION_MODE = wholemodule;
				SWIFT_OPTIMIZATION_LEVEL = "-O";
				VALIDATE_PRODUCT = YES;
			};
			name = Release;
		};
		B4B55F0323C1BC7B000702EB /* Debug */ = {
			isa = XCBuildConfiguration;
			buildSettings = {
				ASSETCATALOG_COMPILER_APPICON_NAME = AppIcon;
				CODE_SIGN_STYLE = Automatic;
				DEVELOPMENT_ASSET_PATHS = "\"HotProspects/Preview Content\"";
				ENABLE_PREVIEWS = YES;
				INFOPLIST_FILE = HotProspects/Info.plist;
				LD_RUNPATH_SEARCH_PATHS = (
					"$(inherited)",
					"@executable_path/Frameworks",
				);
				PRODUCT_BUNDLE_IDENTIFIER = sailfishstudios.HotProspects;
				PRODUCT_NAME = "$(TARGET_NAME)";
				SWIFT_VERSION = 5.0;
				TARGETED_DEVICE_FAMILY = "1,2";
			};
			name = Debug;
		};
		B4B55F0423C1BC7B000702EB /* Release */ = {
			isa = XCBuildConfiguration;
			buildSettings = {
				ASSETCATALOG_COMPILER_APPICON_NAME = AppIcon;
				CODE_SIGN_STYLE = Automatic;
				DEVELOPMENT_ASSET_PATHS = "\"HotProspects/Preview Content\"";
				ENABLE_PREVIEWS = YES;
				INFOPLIST_FILE = HotProspects/Info.plist;
				LD_RUNPATH_SEARCH_PATHS = (
					"$(inherited)",
					"@executable_path/Frameworks",
				);
				PRODUCT_BUNDLE_IDENTIFIER = sailfishstudios.HotProspects;
				PRODUCT_NAME = "$(TARGET_NAME)";
				SWIFT_VERSION = 5.0;
				TARGETED_DEVICE_FAMILY = "1,2";
			};
			name = Release;
		};
/* End XCBuildConfiguration section */

/* Begin XCConfigurationList section */
		B4B55EE923C1BC7A000702EB /* Build configuration list for PBXProject "HotProspects" */ = {
			isa = XCConfigurationList;
			buildConfigurations = (
				B4B55F0023C1BC7B000702EB /* Debug */,
				B4B55F0123C1BC7B000702EB /* Release */,
			);
			defaultConfigurationIsVisible = 0;
			defaultConfigurationName = Release;
		};
		B4B55F0223C1BC7B000702EB /* Build configuration list for PBXNativeTarget "HotProspects" */ = {
			isa = XCConfigurationList;
			buildConfigurations = (
				B4B55F0323C1BC7B000702EB /* Debug */,
				B4B55F0423C1BC7B000702EB /* Release */,
			);
			defaultConfigurationIsVisible = 0;
			defaultConfigurationName = Release;
		};
/* End XCConfigurationList section */

/* Begin XCRemoteSwiftPackageReference section */
		B4C7197A23CA6BAE00F4C575 /* XCRemoteSwiftPackageReference "CodeScanner" */ = {
			isa = XCRemoteSwiftPackageReference;
			repositoryURL = "https://github.com/twostraws/CodeScanner";
			requirement = {
				kind = upToNextMajorVersion;
				minimumVersion = 1.0.1;
			};
		};
/* End XCRemoteSwiftPackageReference section */

/* Begin XCSwiftPackageProductDependency section */
		B4C7197B23CA6BAE00F4C575 /* CodeScanner */ = {
			isa = XCSwiftPackageProductDependency;
			package = B4C7197A23CA6BAE00F4C575 /* XCRemoteSwiftPackageReference "CodeScanner" */;
			productName = CodeScanner;
		};
/* End XCSwiftPackageProductDependency section */
	};
	rootObject = B4B55EE623C1BC7A000702EB /* Project object */;
}
